
Microsoft Visual Studio Solution File, Format Version 12.00
# Visual Studio Version 17
VisualStudioVersion = 17.0.31903.59
MinimumVisualStudioVersion = 10.0.40219.1
Project("{FAE04EC0-301F-11D3-BF4B-00C04F79EFBC}") = "MediaConverter", "MediaConverter.csproj", "{81F7D77C-6A39-46DB-B011-974BACE7CDFF}"
EndProject
Project("{FAE04EC0-301F-11D3-BF4B-00C04F79EFBC}") = "MediaConverter.UpdateAgent", "UpdateAgent\MediaConverter.UpdateAgent.csproj", "{D82C7A9B-9F25-4B7F-A4B5-7FAE5DCE0A3E}"
EndProject
Project("{2150E333-8FDC-42A3-9474-1A3956D46DE8}") = "Sharing", "Sharing", "{2EC2F90D-FC08-CDB5-F774-4031A607B242}"
EndProject
Project("{FAE04EC0-301F-11D3-BF4B-00C04F79EFBC}") = "EZConverter.Sharing", "Sharing\EZConverter.Sharing.csproj", "{C7D38A14-E206-4E02-AA34-CF59885CF1DD}"
EndProject
Project("{FAE04EC0-301F-11D3-BF4B-00C04F79EFBC}") = "EZConverter.Compression", "Compression\EZConverter.Compression.csproj", "{E0A6B11A-9A1D-4519-85F5-E41D24011FB2}"
EndProject
Global
	GlobalSection(SolutionConfigurationPlatforms) = preSolution
		Debug|Any CPU = Debug|Any CPU
		Debug|x64 = Debug|x64
		Debug|x86 = Debug|x86
		Release|Any CPU = Release|Any CPU
		Release|x64 = Release|x64
		Release|x86 = Release|x86
	EndGlobalSection
	GlobalSection(ProjectConfigurationPlatforms) = postSolution
		{81F7D77C-6A39-46DB-B011-974BACE7CDFF}.Debug|Any CPU.ActiveCfg = Debug|Any CPU
		{81F7D77C-6A39-46DB-B011-974BACE7CDFF}.Debug|Any CPU.Build.0 = Debug|Any CPU
		{81F7D77C-6A39-46DB-B011-974BACE7CDFF}.Debug|x64.ActiveCfg = Debug|x64
		{81F7D77C-6A39-46DB-B011-974BACE7CDFF}.Debug|x64.Build.0 = Debug|x64
		{81F7D77C-6A39-46DB-B011-974BACE7CDFF}.Debug|x86.ActiveCfg = Debug|Any CPU
		{81F7D77C-6A39-46DB-B011-974BACE7CDFF}.Debug|x86.Build.0 = Debug|Any CPU
		{81F7D77C-6A39-46DB-B011-974BACE7CDFF}.Release|Any CPU.ActiveCfg = Release|Any CPU
		{81F7D77C-6A39-46DB-B011-974BACE7CDFF}.Release|Any CPU.Build.0 = Release|Any CPU
		{81F7D77C-6A39-46DB-B011-974BACE7CDFF}.Release|x64.ActiveCfg = Release|x64
		{81F7D77C-6A39-46DB-B011-974BACE7CDFF}.Release|x64.Build.0 = Release|x64
		{81F7D77C-6A39-46DB-B011-974BACE7CDFF}.Release|x86.ActiveCfg = Release|Any CPU
		{81F7D77C-6A39-46DB-B011-974BACE7CDFF}.Release|x86.Build.0 = Release|Any CPU
		{D82C7A9B-9F25-4B7F-A4B5-7FAE5DCE0A3E}.Debug|Any CPU.ActiveCfg = Debug|Any CPU
		{D82C7A9B-9F25-4B7F-A4B5-7FAE5DCE0A3E}.Debug|Any CPU.Build.0 = Debug|Any CPU
		{D82C7A9B-9F25-4B7F-A4B5-7FAE5DCE0A3E}.Debug|x64.ActiveCfg = Debug|Any CPU
		{D82C7A9B-9F25-4B7F-A4B5-7FAE5DCE0A3E}.Debug|x64.Build.0 = Debug|Any CPU
		{D82C7A9B-9F25-4B7F-A4B5-7FAE5DCE0A3E}.Debug|x86.ActiveCfg = Debug|Any CPU
		{D82C7A9B-9F25-4B7F-A4B5-7FAE5DCE0A3E}.Debug|x86.Build.0 = Debug|Any CPU
		{D82C7A9B-9F25-4B7F-A4B5-7FAE5DCE0A3E}.Release|Any CPU.ActiveCfg = Release|Any CPU
		{D82C7A9B-9F25-4B7F-A4B5-7FAE5DCE0A3E}.Release|Any CPU.Build.0 = Release|Any CPU
		{D82C7A9B-9F25-4B7F-A4B5-7FAE5DCE0A3E}.Release|x64.ActiveCfg = Release|Any CPU
		{D82C7A9B-9F25-4B7F-A4B5-7FAE5DCE0A3E}.Release|x64.Build.0 = Release|Any CPU
		{D82C7A9B-9F25-4B7F-A4B5-7FAE5DCE0A3E}.Release|x86.ActiveCfg = Release|Any CPU
		{D82C7A9B-9F25-4B7F-A4B5-7FAE5DCE0A3E}.Release|x86.Build.0 = Release|Any CPU
		{C7D38A14-E206-4E02-AA34-CF59885CF1DD}.Debug|Any CPU.ActiveCfg = Debug|Any CPU
		{C7D38A14-E206-4E02-AA34-CF59885CF1DD}.Debug|Any CPU.Build.0 = Debug|Any CPU
		{C7D38A14-E206-4E02-AA34-CF59885CF1DD}.Debug|x64.ActiveCfg = Debug|Any CPU
		{C7D38A14-E206-4E02-AA34-CF59885CF1DD}.Debug|x64.Build.0 = Debug|Any CPU
		{C7D38A14-E206-4E02-AA34-CF59885CF1DD}.Debug|x86.ActiveCfg = Debug|Any CPU
		{C7D38A14-E206-4E02-AA34-CF59885CF1DD}.Debug|x86.Build.0 = Debug|Any CPU
		{C7D38A14-E206-4E02-AA34-CF59885CF1DD}.Release|Any CPU.ActiveCfg = Release|Any CPU
		{C7D38A14-E206-4E02-AA34-CF59885CF1DD}.Release|Any CPU.Build.0 = Release|Any CPU
		{C7D38A14-E206-4E02-AA34-CF59885CF1DD}.Release|x64.ActiveCfg = Release|Any CPU
		{C7D38A14-E206-4E02-AA34-CF59885CF1DD}.Release|x64.Build.0 = Release|Any CPU
		{C7D38A14-E206-4E02-AA34-CF59885CF1DD}.Release|x86.ActiveCfg = Release|Any CPU
		{C7D38A14-E206-4E02-AA34-CF59885CF1DD}.Release|x86.Build.0 = Release|Any CPU
		{E0A6B11A-9A1D-4519-85F5-E41D24011FB2}.Debug|Any CPU.ActiveCfg = Debug|Any CPU
		{E0A6B11A-9A1D-4519-85F5-E41D24011FB2}.Debug|Any CPU.Build.0 = Debug|Any CPU
		{E0A6B11A-9A1D-4519-85F5-E41D24011FB2}.Debug|x64.ActiveCfg = Debug|Any CPU
		{E0A6B11A-9A1D-4519-85F5-E41D24011FB2}.Debug|x64.Build.0 = Debug|Any CPU
		{E0A6B11A-9A1D-4519-85F5-E41D24011FB2}.Debug|x86.ActiveCfg = Debug|Any CPU
		{E0A6B11A-9A1D-4519-85F5-E41D24011FB2}.Debug|x86.Build.0 = Debug|Any CPU
		{E0A6B11A-9A1D-4519-85F5-E41D24011FB2}.Release|Any CPU.ActiveCfg = Release|Any CPU
		{E0A6B11A-9A1D-4519-85F5-E41D24011FB2}.Release|Any CPU.Build.0 = Release|Any CPU
		{E0A6B11A-9A1D-4519-85F5-E41D24011FB2}.Release|x64.ActiveCfg = Release|Any CPU
		{E0A6B11A-9A1D-4519-85F5-E41D24011FB2}.Release|x64.Build.0 = Release|Any CPU
		{E0A6B11A-9A1D-4519-85F5-E41D24011FB2}.Release|x86.ActiveCfg = Release|Any CPU
		{E0A6B11A-9A1D-4519-85F5-E41D24011FB2}.Release|x86.Build.0 = Release|Any CPU
	EndGlobalSection
	GlobalSection(SolutionProperties) = preSolution
		HideSolutionNode = FALSE
	EndGlobalSection
	GlobalSection(NestedProjects) = preSolution
		{C7D38A14-E206-4E02-AA34-CF59885CF1DD} = {2EC2F90D-FC08-CDB5-F774-4031A607B242}
	EndGlobalSection
EndGlobal
